
Microsoft Visual Studio Solution File, Format Version 12.00
# Visual Studio Version 17
VisualStudioVersion = 17.9.34728.123
MinimumVisualStudioVersion = 10.0.40219.1
Project("{FAE04EC0-301F-11D3-BF4B-00C04F79EFBC}") = "ProductInformationApp", "ProductInformationApp\ProductInformationApp.csproj", "{C8B5EF01-EA4A-4E68-AA8E-2A6F8FFBF1E5}"
EndProject
Global
	GlobalSection(SolutionConfigurationPlatforms) = preSolution
		Debug|Any CPU = Debug|Any CPU
		Release|Any CPU = Release|Any CPU
	EndGlobalSection
	GlobalSection(ProjectConfigurationPlatforms) = postSolution
		{C8B5EF01-EA4A-4E68-AA8E-2A6F8FFBF1E5}.Debug|Any CPU.ActiveCfg = Debug|Any CPU
		{C8B5EF01-EA4A-4E68-AA8E-2A6F8FFBF1E5}.Debug|Any CPU.Build.0 = Debug|Any CPU
		{C8B5EF01-EA4A-4E68-AA8E-2A6F8FFBF1E5}.Debug|Any CPU.Deploy.0 = Debug|Any CPU
		{C8B5EF01-EA4A-4E68-AA8E-2A6F8FFBF1E5}.Release|Any CPU.ActiveCfg = Release|Any CPU
		{C8B5EF01-EA4A-4E68-AA8E-2A6F8FFBF1E5}.Release|Any CPU.Build.0 = Release|Any CPU
		{C8B5EF01-EA4A-4E68-AA8E-2A6F8FFBF1E5}.Release|Any CPU.Deploy.0 = Release|Any CPU
	EndGlobalSection
	GlobalSection(SolutionProperties) = preSolution
		HideSolutionNode = FALSE
	EndGlobalSection
	GlobalSection(ExtensibilityGlobals) = postSolution
		SolutionGuid = {45451BDE-6ACC-4806-9643-A12552724B3C}
	EndGlobalSection
EndGlobal
